
Microsoft Visual Studio Solution File, Format Version 12.00
# Visual Studio 14
VisualStudioVersion = 14.0.25420.1
MinimumVisualStudioVersion = 10.0.40219.1
Project("{FAE04EC0-301F-11D3-BF4B-00C04F79EFBC}") = "JarBinding", "JarBinding\JarBinding.csproj", "{F36E83EF-C4AA-46BF-BC41-CE8ED056B4F8}"
EndProject
Project("{FAE04EC0-301F-11D3-BF4B-00C04F79EFBC}") = "BindingTest", "BindingTest\BindingTest.csproj", "{B75C6F41-8F73-4C57-A3BE-5AC52ADECE86}"
EndProject
Global
	GlobalSection(SolutionConfigurationPlatforms) = preSolution
		Debug|Any CPU = Debug|Any CPU
		Release|Any CPU = Release|Any CPU
	EndGlobalSection
	GlobalSection(ProjectConfigurationPlatforms) = postSolution
		{F36E83EF-C4AA-46BF-BC41-CE8ED056B4F8}.Debug|Any CPU.ActiveCfg = Debug|Any CPU
		{F36E83EF-C4AA-46BF-BC41-CE8ED056B4F8}.Debug|Any CPU.Build.0 = Debug|Any CPU
		{F36E83EF-C4AA-46BF-BC41-CE8ED056B4F8}.Release|Any CPU.ActiveCfg = Release|Any CPU
		{F36E83EF-C4AA-46BF-BC41-CE8ED056B4F8}.Release|Any CPU.Build.0 = Release|Any CPU
		{B75C6F41-8F73-4C57-A3BE-5AC52ADECE86}.Debug|Any CPU.ActiveCfg = Debug|Any CPU
		{B75C6F41-8F73-4C57-A3BE-5AC52ADECE86}.Debug|Any CPU.Build.0 = Debug|Any CPU
		{B75C6F41-8F73-4C57-A3BE-5AC52ADECE86}.Debug|Any CPU.Deploy.0 = Debug|Any CPU
		{B75C6F41-8F73-4C57-A3BE-5AC52ADECE86}.Release|Any CPU.ActiveCfg = Release|Any CPU
		{B75C6F41-8F73-4C57-A3BE-5AC52ADECE86}.Release|Any CPU.Build.0 = Release|Any CPU
		{B75C6F41-8F73-4C57-A3BE-5AC52ADECE86}.Release|Any CPU.Deploy.0 = Release|Any CPU
	EndGlobalSection
	GlobalSection(SolutionProperties) = preSolution
		HideSolutionNode = FALSE
	EndGlobalSection
EndGlobal
